
Microsoft Visual Studio Solution File, Format Version 12.00
# Visual Studio Version 16
VisualStudioVersion = 16.0.30717.126
MinimumVisualStudioVersion = 10.0.40219.1
Project("{9A19103F-16F7-4668-BE54-9A1E7A4F7556}") = "DemoEventHubClient", "DemoEventHubClient.csproj", "{A10E65AD-9EAE-487C-86A2-571EF7BEB03C}"
EndProject
Global
	GlobalSection(SolutionConfigurationPlatforms) = preSolution
		Debug|Any CPU = Debug|Any CPU
		Release|Any CPU = Release|Any CPU
	EndGlobalSection
	GlobalSection(ProjectConfigurationPlatforms) = postSolution
		{A10E65AD-9EAE-487C-86A2-571EF7BEB03C}.Debug|Any CPU.ActiveCfg = Debug|Any CPU
		{A10E65AD-9EAE-487C-86A2-571EF7BEB03C}.Debug|Any CPU.Build.0 = Debug|Any CPU
		{A10E65AD-9EAE-487C-86A2-571EF7BEB03C}.Release|Any CPU.ActiveCfg = Release|Any CPU
		{A10E65AD-9EAE-487C-86A2-571EF7BEB03C}.Release|Any CPU.Build.0 = Release|Any CPU
	EndGlobalSection
	GlobalSection(SolutionProperties) = preSolution
		HideSolutionNode = FALSE
	EndGlobalSection
	GlobalSection(ExtensibilityGlobals) = postSolution
		SolutionGuid = {265EA1AB-C1A7-4C78-8B3E-C16A48D263C1}
	EndGlobalSection
EndGlobal
